
Microsoft Visual Studio Solution File, Format Version 12.00
# Visual Studio 15
VisualStudioVersion = 15.0.28307.136
MinimumVisualStudioVersion = 10.0.40219.1
Project("{FAE04EC0-301F-11D3-BF4B-00C04F79EFBC}") = "MyFirstWebSite", "MyFirstWebSite\MyFirstWebSite.csproj", "{9ADFCDE0-4F43-4B1E-AF5D-2C395C2E531D}"
EndProject
Global
	GlobalSection(SolutionConfigurationPlatforms) = preSolution
		Debug|Any CPU = Debug|Any CPU
		Release|Any CPU = Release|Any CPU
	EndGlobalSection
	GlobalSection(ProjectConfigurationPlatforms) = postSolution
		{9ADFCDE0-4F43-4B1E-AF5D-2C395C2E531D}.Debug|Any CPU.ActiveCfg = Debug|Any CPU
		{9ADFCDE0-4F43-4B1E-AF5D-2C395C2E531D}.Debug|Any CPU.Build.0 = Debug|Any CPU
		{9ADFCDE0-4F43-4B1E-AF5D-2C395C2E531D}.Release|Any CPU.ActiveCfg = Release|Any CPU
		{9ADFCDE0-4F43-4B1E-AF5D-2C395C2E531D}.Release|Any CPU.Build.0 = Release|Any CPU
	EndGlobalSection
	GlobalSection(SolutionProperties) = preSolution
		HideSolutionNode = FALSE
	EndGlobalSection
	GlobalSection(ExtensibilityGlobals) = postSolution
		SolutionGuid = {2F1F395D-8CD2-4E35-9681-80EEC76BAA95}
	EndGlobalSection
EndGlobal
